// !$*UTF8*$!
{
	archiveVersion = 1;
	classes = {
	};
	objectVersion = 46;
	objects = {

/* Begin PBXBuildFile section */
		C52DFF3B1B7D7C7200AE3BBE /* main.m in Sources */ = {isa = PBXBuildFile; fileRef = C52DFF3A1B7D7C7200AE3BBE /* main.m */; };
		C52DFF3E1B7D7C7200AE3BBE /* AppDelegate.m in Sources */ = {isa = PBXBuildFile; fileRef = C52DFF3D1B7D7C7200AE3BBE /* AppDelegate.m */; };
		C52DFF411B7D7C7200AE3BBE /* ViewController.m in Sources */ = {isa = PBXBuildFile; fileRef = C52DFF401B7D7C7200AE3BBE /* ViewController.m */; };
		C52DFF441B7D7C7200AE3BBE /* Main.storyboard in Resources */ = {isa = PBXBuildFile; fileRef = C52DFF421B7D7C7200AE3BBE /* Main.storyboard */; };
		C52DFF461B7D7C7200AE3BBE /* Images.xcassets in Resources */ = {isa = PBXBuildFile; fileRef = C52DFF451B7D7C7200AE3BBE /* Images.xcassets */; };
		C52DFF491B7D7C7200AE3BBE /* LaunchScreen.xib in Resources */ = {isa = PBXBuildFile; fileRef = C52DFF471B7D7C7200AE3BBE /* LaunchScreen.xib */; };
		C52DFF551B7D7C7200AE3BBE /* __tableviewTests.m in Sources */ = {isa = PBXBuildFile; fileRef = C52DFF541B7D7C7200AE3BBE /* __tableviewTests.m */; };
		C52DFF601B7D7D4700AE3BBE /* HorizontalTableView.m in Sources */ = {isa = PBXBuildFile; fileRef = C52DFF5F1B7D7D4700AE3BBE /* HorizontalTableView.m */; settings = {COMPILER_FLAGS = "-fno-objc-arc"; }; };
/* End PBXBuildFile section */

/* Begin PBXContainerItemProxy section */
		C52DFF4F1B7D7C7200AE3BBE /* PBXContainerItemProxy */ = {
			isa = PBXContainerItemProxy;
			containerPortal = C52DFF2D1B7D7C7100AE3BBE /* Project object */;
			proxyType = 1;
			remoteGlobalIDString = C52DFF341B7D7C7100AE3BBE;
			remoteInfo = "横向tableview";
		};
/* End PBXContainerItemProxy section */

/* Begin PBXFileReference section */
		C52DFF351B7D7C7200AE3BBE /* 横向tableview.app */ = {isa = PBXFileReference; explicitFileType = wrapper.application; includeInIndex = 0; path = "横向tableview.app"; sourceTree = BUILT_PRODUCTS_DIR; };
		C52DFF391B7D7C7200AE3BBE /* Info.plist */ = {isa = PBXFileReference; lastKnownFileType = text.plist.xml; path = Info.plist; sourceTree = "<group>"; };
		C52DFF3A1B7D7C7200AE3BBE /* main.m */ = {isa = PBXFileReference; lastKnownFileType = sourcecode.c.objc; path = main.m; sourceTree = "<group>"; };
		C52DFF3C1B7D7C7200AE3BBE /* AppDelegate.h */ = {isa = PBXFileReference; lastKnownFileType = sourcecode.c.h; path = AppDelegate.h; sourceTree = "<group>"; };
		C52DFF3D1B7D7C7200AE3BBE /* AppDelegate.m */ = {isa = PBXFileReference; lastKnownFileType = sourcecode.c.objc; path = AppDelegate.m; sourceTree = "<group>"; };
		C52DFF3F1B7D7C7200AE3BBE /* ViewController.h */ = {isa = PBXFileReference; lastKnownFileType = sourcecode.c.h; path = ViewController.h; sourceTree = "<group>"; };
		C52DFF401B7D7C7200AE3BBE /* ViewController.m */ = {isa = PBXFileReference; lastKnownFileType = sourcecode.c.objc; path = ViewController.m; sourceTree = "<group>"; };
		C52DFF431B7D7C7200AE3BBE /* Base */ = {isa = PBXFileReference; lastKnownFileType = file.storyboard; name = Base; path = Base.lproj/Main.storyboard; sourceTree = "<group>"; };
		C52DFF451B7D7C7200AE3BBE /* Images.xcassets */ = {isa = PBXFileReference; lastKnownFileType = folder.assetcatalog; path = Images.xcassets; sourceTree = "<group>"; };
		C52DFF481B7D7C7200AE3BBE /* Base */ = {isa = PBXFileReference; lastKnownFileType = file.xib; name = Base; path = Base.lproj/LaunchScreen.xib; sourceTree = "<group>"; };
		C52DFF4E1B7D7C7200AE3BBE /* 横向tableviewTests.xctest */ = {isa = PBXFileReference; explicitFileType = wrapper.cfbundle; includeInIndex = 0; path = "横向tableviewTests.xctest"; sourceTree = BUILT_PRODUCTS_DIR; };
		C52DFF531B7D7C7200AE3BBE /* Info.plist */ = {isa = PBXFileReference; lastKnownFileType = text.plist.xml; path = Info.plist; sourceTree = "<group>"; };
		C52DFF541B7D7C7200AE3BBE /* __tableviewTests.m */ = {isa = PBXFileReference; lastKnownFileType = sourcecode.c.objc; path = __tableviewTests.m; sourceTree = "<group>"; };
		C52DFF5E1B7D7D4700AE3BBE /* HorizontalTableView.h */ = {isa = PBXFileReference; fileEncoding = 4; lastKnownFileType = sourcecode.c.h; name = HorizontalTableView.h; path = ../HorizontalTableView.h; sourceTree = "<group>"; };
		C52DFF5F1B7D7D4700AE3BBE /* HorizontalTableView.m */ = {isa = PBXFileReference; fileEncoding = 4; lastKnownFileType = sourcecode.c.objc; name = HorizontalTableView.m; path = ../HorizontalTableView.m; sourceTree = "<group>"; };
/* End PBXFileReference section */

/* Begin PBXFrameworksBuildPhase section */
		C52DFF321B7D7C7100AE3BBE /* Frameworks */ = {
			isa = PBXFrameworksBuildPhase;
			buildActionMask = 2147483647;
			files = (
			);
			runOnlyForDeploymentPostprocessing = 0;
		};
		C52DFF4B1B7D7C7200AE3BBE /* Frameworks */ = {
			isa = PBXFrameworksBuildPhase;
			buildActionMask = 2147483647;
			files = (
			);
			runOnlyForDeploymentPostprocessing = 0;
		};
/* End PBXFrameworksBuildPhase section */

/* Begin PBXGroup section */
		C52DFF2C1B7D7C7100AE3BBE = {
			isa = PBXGroup;
			children = (
				C52DFF371B7D7C7200AE3BBE /* 横向tableview */,
				C52DFF511B7D7C7200AE3BBE /* 横向tableviewTests */,
				C52DFF361B7D7C7200AE3BBE /* Products */,
			);
			sourceTree = "<group>";
		};
		C52DFF361B7D7C7200AE3BBE /* Products */ = {
			isa = PBXGroup;
			children = (
				C52DFF351B7D7C7200AE3BBE /* 横向tableview.app */,
				C52DFF4E1B7D7C7200AE3BBE /* 横向tableviewTests.xctest */,
			);
			name = Products;
			sourceTree = "<group>";
		};
		C52DFF371B7D7C7200AE3BBE /* 横向tableview */ = {
			isa = PBXGroup;
			children = (
				C52DFF3C1B7D7C7200AE3BBE /* AppDelegate.h */,
				C52DFF3D1B7D7C7200AE3BBE /* AppDelegate.m */,
				C52DFF3F1B7D7C7200AE3BBE /* ViewController.h */,
				C52DFF401B7D7C7200AE3BBE /* ViewController.m */,
				C52DFF5E1B7D7D4700AE3BBE /* HorizontalTableView.h */,
				C52DFF5F1B7D7D4700AE3BBE /* HorizontalTableView.m */,
				C52DFF421B7D7C7200AE3BBE /* Main.storyboard */,
				C52DFF451B7D7C7200AE3BBE /* Images.xcassets */,
				C52DFF471B7D7C7200AE3BBE /* LaunchScreen.xib */,
				C52DFF381B7D7C7200AE3BBE /* Supporting Files */,
			);
			path = "横向tableview";
			sourceTree = "<group>";
		};
		C52DFF381B7D7C7200AE3BBE /* Supporting Files */ = {
			isa = PBXGroup;
			children = (
				C52DFF391B7D7C7200AE3BBE /* Info.plist */,
				C52DFF3A1B7D7C7200AE3BBE /* main.m */,
			);
			name = "Supporting Files";
			sourceTree = "<group>";
		};
		C52DFF511B7D7C7200AE3BBE /* 横向tableviewTests */ = {
			isa = PBXGroup;
			children = (
				C52DFF541B7D7C7200AE3BBE /* __tableviewTests.m */,
				C52DFF521B7D7C7200AE3BBE /* Supporting Files */,
			);
			path = "横向tableviewTests";
			sourceTree = "<group>";
		};
		C52DFF521B7D7C7200AE3BBE /* Supporting Files */ = {
			isa = PBXGroup;
			children = (
				C52DFF531B7D7C7200AE3BBE /* Info.plist */,
			);
			name = "Supporting Files";
			sourceTree = "<group>";
		};
/* End PBXGroup section */

/* Begin PBXNativeTarget section */
		C52DFF341B7D7C7100AE3BBE /* 横向tableview */ = {
			isa = PBXNativeTarget;
			buildConfigurationList = C52DFF581B7D7C7200AE3BBE /* Build configuration list for PBXNativeTarget "横向tableview" */;
			buildPhases = (
				C52DFF311B7D7C7100AE3BBE /* Sources */,
				C52DFF321B7D7C7100AE3BBE /* Frameworks */,
				C52DFF331B7D7C7100AE3BBE /* Resources */,
			);
			buildRules = (
			);
			dependencies = (
			);
			name = "横向tableview";
			productName = "横向tableview";
			productReference = C52DFF351B7D7C7200AE3BBE /* 横向tableview.app */;
			productType = "com.apple.product-type.application";
		};
		C52DFF4D1B7D7C7200AE3BBE /* 横向tableviewTests */ = {
			isa = PBXNativeTarget;
			buildConfigurationList = C52DFF5B1B7D7C7200AE3BBE /* Build configuration list for PBXNativeTarget "横向tableviewTests" */;
			buildPhases = (
				C52DFF4A1B7D7C7200AE3BBE /* Sources */,
				C52DFF4B1B7D7C7200AE3BBE /* Frameworks */,
				C52DFF4C1B7D7C7200AE3BBE /* Resources */,
			);
			buildRules = (
			);
			dependencies = (
				C52DFF501B7D7C7200AE3BBE /* PBXTargetDependency */,
			);
			name = "横向tableviewTests";
			productName = "横向tableviewTests";
			productReference = C52DFF4E1B7D7C7200AE3BBE /* 横向tableviewTests.xctest */;
			productType = "com.apple.product-type.bundle.unit-test";
		};
/* End PBXNativeTarget section */

/* Begin PBXProject section */
		C52DFF2D1B7D7C7100AE3BBE /* Project object */ = {
			isa = PBXProject;
			attributes = {
				LastUpgradeCheck = 0610;
				ORGANIZATIONNAME = zg;
				TargetAttributes = {
					C52DFF341B7D7C7100AE3BBE = {
						CreatedOnToolsVersion = 6.1.1;
					};
					C52DFF4D1B7D7C7200AE3BBE = {
						CreatedOnToolsVersion = 6.1.1;
						TestTargetID = C52DFF341B7D7C7100AE3BBE;
					};
				};
			};
			buildConfigurationList = C52DFF301B7D7C7100AE3BBE /* Build configuration list for PBXProject "横向tableview" */;
			compatibilityVersion = "Xcode 3.2";
			developmentRegion = English;
			hasScannedForEncodings = 0;
			knownRegions = (
				en,
				Base,
			);
			mainGroup = C52DFF2C1B7D7C7100AE3BBE;
			productRefGroup = C52DFF361B7D7C7200AE3BBE /* Products */;
			projectDirPath = "";
			projectRoot = "";
			targets = (
				C52DFF341B7D7C7100AE3BBE /* 横向tableview */,
				C52DFF4D1B7D7C7200AE3BBE /* 横向tableviewTests */,
			);
		};
/* End PBXProject section */

/* Begin PBXResourcesBuildPhase section */
		C52DFF331B7D7C7100AE3BBE /* Resources */ = {
			isa = PBXResourcesBuildPhase;
			buildActionMask = 2147483647;
			files = (
				C52DFF441B7D7C7200AE3BBE /* Main.storyboard in Resources */,
				C52DFF491B7D7C7200AE3BBE /* LaunchScreen.xib in Resources */,
				C52DFF461B7D7C7200AE3BBE /* Images.xcassets in Resources */,
			);
			runOnlyForDeploymentPostprocessing = 0;
		};
		C52DFF4C1B7D7C7200AE3BBE /* Resources */ = {
			isa = PBXResourcesBuildPhase;
			buildActionMask = 2147483647;
			files = (
			);
			runOnlyForDeploymentPostprocessing = 0;
		};
/* End PBXResourcesBuildPhase section */

/* Begin PBXSourcesBuildPhase section */
		C52DFF311B7D7C7100AE3BBE /* Sources */ = {
			isa = PBXSourcesBuildPhase;
			buildActionMask = 2147483647;
			files = (
				C52DFF411B7D7C7200AE3BBE /* ViewController.m in Sources */,
				C52DFF601B7D7D4700AE3BBE /* HorizontalTableView.m in Sources */,
				C52DFF3E1B7D7C7200AE3BBE /* AppDelegate.m in Sources */,
				C52DFF3B1B7D7C7200AE3BBE /* main.m in Sources */,
			);
			runOnlyForDeploymentPostprocessing = 0;
		};
		C52DFF4A1B7D7C7200AE3BBE /* Sources */ = {
			isa = PBXSourcesBuildPhase;
			buildActionMask = 2147483647;
			files = (
				C52DFF551B7D7C7200AE3BBE /* __tableviewTests.m in Sources */,
			);
			runOnlyForDeploymentPostprocessing = 0;
		};
/* End PBXSourcesBuildPhase section */

/* Begin PBXTargetDependency section */
		C52DFF501B7D7C7200AE3BBE /* PBXTargetDependency */ = {
			isa = PBXTargetDependency;
			target = C52DFF341B7D7C7100AE3BBE /* 横向tableview */;
			targetProxy = C52DFF4F1B7D7C7200AE3BBE /* PBXContainerItemProxy */;
		};
/* End PBXTargetDependency section */

/* Begin PBXVariantGroup section */
		C52DFF421B7D7C7200AE3BBE /* Main.storyboard */ = {
			isa = PBXVariantGroup;
			children = (
				C52DFF431B7D7C7200AE3BBE /* Base */,
			);
			name = Main.storyboard;
			sourceTree = "<group>";
		};
		C52DFF471B7D7C7200AE3BBE /* LaunchScreen.xib */ = {
			isa = PBXVariantGroup;
			children = (
				C52DFF481B7D7C7200AE3BBE /* Base */,
			);
			name = LaunchScreen.xib;
			sourceTree = "<group>";
		};
/* End PBXVariantGroup section */

/* Begin XCBuildConfiguration section */
		C52DFF561B7D7C7200AE3BBE /* Debug */ = {
			isa = XCBuildConfiguration;
			buildSettings = {
				ALWAYS_SEARCH_USER_PATHS = NO;
				CLANG_CXX_LANGUAGE_STANDARD = "gnu++0x";
				CLANG_CXX_LIBRARY = "libc++";
				CLANG_ENABLE_MODULES = YES;
				CLANG_ENABLE_OBJC_ARC = YES;
				CLANG_WARN_BOOL_CONVERSION = YES;
				CLANG_WARN_CONSTANT_CONVERSION = YES;
				CLANG_WARN_DIRECT_OBJC_ISA_USAGE = YES_ERROR;
				CLANG_WARN_EMPTY_BODY = YES;
				CLANG_WARN_ENUM_CONVERSION = YES;
				CLANG_WARN_INT_CONVERSION = YES;
				CLANG_WARN_OBJC_ROOT_CLASS = YES_ERROR;
				CLANG_WARN_UNREACHABLE_CODE = YES;
				CLANG_WARN__DUPLICATE_METHOD_MATCH = YES;
				"CODE_SIGN_IDENTITY[sdk=iphoneos*]" = "iPhone Developer";
				COPY_PHASE_STRIP = NO;
				ENABLE_STRICT_OBJC_MSGSEND = YES;
				GCC_C_LANGUAGE_STANDARD = gnu99;
				GCC_DYNAMIC_NO_PIC = NO;
				GCC_OPTIMIZATION_LEVEL = 0;
				GCC_PREPROCESSOR_DEFINITIONS = (
					"DEBUG=1",
					"$(inherited)",
				);
				GCC_SYMBOLS_PRIVATE_EXTERN = NO;
				GCC_WARN_64_TO_32_BIT_CONVERSION = YES;
				GCC_WARN_ABOUT_RETURN_TYPE = YES_ERROR;
				GCC_WARN_UNDECLARED_SELECTOR = YES;
				GCC_WARN_UNINITIALIZED_AUTOS = YES_AGGRESSIVE;
				GCC_WARN_UNUSED_FUNCTION = YES;
				GCC_WARN_UNUSED_VARIABLE = YES;
				IPHONEOS_DEPLOYMENT_TARGET = 8.1;
				MTL_ENABLE_DEBUG_INFO = YES;
				ONLY_ACTIVE_ARCH = YES;
				SDKROOT = iphoneos;
			};
			name = Debug;
		};
		C52DFF571B7D7C7200AE3BBE /* Release */ = {
			isa = XCBuildConfiguration;
			buildSettings = {
				ALWAYS_SEARCH_USER_PATHS = NO;
				CLANG_CXX_LANGUAGE_STANDARD = "gnu++0x";
				CLANG_CXX_LIBRARY = "libc++";
				CLANG_ENABLE_MODULES = YES;
				CLANG_ENABLE_OBJC_ARC = YES;
				CLANG_WARN_BOOL_CONVERSION = YES;
				CLANG_WARN_CONSTANT_CONVERSION = YES;
				CLANG_WARN_DIRECT_OBJC_ISA_USAGE = YES_ERROR;
				CLANG_WARN_EMPTY_BODY = YES;
				CLANG_WARN_ENUM_CONVERSION = YES;
				CLANG_WARN_INT_CONVERSION = YES;
				CLANG_WARN_OBJC_ROOT_CLASS = YES_ERROR;
				CLANG_WARN_UNREACHABLE_CODE = YES;
				CLANG_WARN__DUPLICATE_METHOD_MATCH = YES;
				"CODE_SIGN_IDENTITY[sdk=iphoneos*]" = "iPhone Developer";
				COPY_PHASE_STRIP = YES;
				ENABLE_NS_ASSERTIONS = NO;
				ENABLE_STRICT_OBJC_MSGSEND = YES;
				GCC_C_LANGUAGE_STANDARD = gnu99;
				GCC_WARN_64_TO_32_BIT_CONVERSION = YES;
				GCC_WARN_ABOUT_RETURN_TYPE = YES_ERROR;
				GCC_WARN_UNDECLARED_SELECTOR = YES;
				GCC_WARN_UNINITIALIZED_AUTOS = YES_AGGRESSIVE;
				GCC_WARN_UNUSED_FUNCTION = YES;
				GCC_WARN_UNUSED_VARIABLE = YES;
				IPHONEOS_DEPLOYMENT_TARGET = 8.1;
				MTL_ENABLE_DEBUG_INFO = NO;
				SDKROOT = iphoneos;
				VALIDATE_PRODUCT = YES;
			};
			name = Release;
		};
		C52DFF591B7D7C7200AE3BBE /* Debug */ = {
			isa = XCBuildConfiguration;
			buildSettings = {
				ASSETCATALOG_COMPILER_APPICON_NAME = AppIcon;
				INFOPLIST_FILE = "横向tableview/Info.plist";
				LD_RUNPATH_SEARCH_PATHS = "$(inherited) @executable_path/Frameworks";
				PRODUCT_NAME = "$(TARGET_NAME)";
			};
			name = Debug;
		};
		C52DFF5A1B7D7C7200AE3BBE /* Release */ = {
			isa = XCBuildConfiguration;
			buildSettings = {
				ASSETCATALOG_COMPILER_APPICON_NAME = AppIcon;
				INFOPLIST_FILE = "横向tableview/Info.plist";
				LD_RUNPATH_SEARCH_PATHS = "$(inherited) @executable_path/Frameworks";
				PRODUCT_NAME = "$(TARGET_NAME)";
			};
			name = Release;
		};
		C52DFF5C1B7D7C7200AE3BBE /* Debug */ = {
			isa = XCBuildConfiguration;
			buildSettings = {
				BUNDLE_LOADER = "$(TEST_HOST)";
				FRAMEWORK_SEARCH_PATHS = (
					"$(SDKROOT)/Developer/Library/Frameworks",
					"$(inherited)",
				);
				GCC_PREPROCESSOR_DEFINITIONS = (
					"DEBUG=1",
					"$(inherited)",
				);
				INFOPLIST_FILE = "横向tableviewTests/Info.plist";
				LD_RUNPATH_SEARCH_PATHS = "$(inherited) @executable_path/Frameworks @loader_path/Frameworks";
				PRODUCT_NAME = "$(TARGET_NAME)";
				TEST_HOST = "$(BUILT_PRODUCTS_DIR)/横向tableview.app/横向tableview";
			};
			name = Debug;
		};
		C52DFF5D1B7D7C7200AE3BBE /* Release */ = {
			isa = XCBuildConfiguration;
			buildSettings = {
				BUNDLE_LOADER = "$(TEST_HOST)";
				FRAMEWORK_SEARCH_PATHS = (
					"$(SDKROOT)/Developer/Library/Frameworks",
					"$(inherited)",
				);
				INFOPLIST_FILE = "横向tableviewTests/Info.plist";
				LD_RUNPATH_SEARCH_PATHS = "$(inherited) @executable_path/Frameworks @loader_path/Frameworks";
				PRODUCT_NAME = "$(TARGET_NAME)";
				TEST_HOST = "$(BUILT_PRODUCTS_DIR)/横向tableview.app/横向tableview";
			};
			name = Release;
		};
/* End XCBuildConfiguration section */

/* Begin XCConfigurationList section */
		C52DFF301B7D7C7100AE3BBE /* Build configuration list for PBXProject "横向tableview" */ = {
			isa = XCConfigurationList;
			buildConfigurations = (
				C52DFF561B7D7C7200AE3BBE /* Debug */,
				C52DFF571B7D7C7200AE3BBE /* Release */,
			);
			defaultConfigurationIsVisible = 0;
			defaultConfigurationName = Release;
		};
		C52DFF581B7D7C7200AE3BBE /* Build configuration list for PBXNativeTarget "横向tableview" */ = {
			isa = XCConfigurationList;
			buildConfigurations = (
				C52DFF591B7D7C7200AE3BBE /* Debug */,
				C52DFF5A1B7D7C7200AE3BBE /* Release */,
			);
			defaultConfigurationIsVisible = 0;
		};
		C52DFF5B1B7D7C7200AE3BBE /* Build configuration list for PBXNativeTarget "横向tableviewTests" */ = {
			isa = XCConfigurationList;
			buildConfigurations = (
				C52DFF5C1B7D7C7200AE3BBE /* Debug */,
				C52DFF5D1B7D7C7200AE3BBE /* Release */,
			);
			defaultConfigurationIsVisible = 0;
		};
/* End XCConfigurationList section */
	};
	rootObject = C52DFF2D1B7D7C7100AE3BBE /* Project object */;
}
